{
  "name": "dev-24-fragments",
  "version": "1.0.0",
  "lockfileVersion": 1,
  "requires": true,
  "dependencies": {
    "fragment": {
      "version": "0.3.0",
      "resolved": "https://registry.npmjs.org/fragment/-/fragment-0.3.0.tgz",
      "integrity": "sha1-1AEIUU9YgjgWOZrFmY5mdtrsDAw="
    }
  }
}
